
Microsoft Visual Studio Solution File, Format Version 12.00
# Visual Studio Version 17
VisualStudioVersion = 17.4.33103.184
MinimumVisualStudioVersion = 10.0.40219.1
Project("{FAE04EC0-301F-11D3-BF4B-00C04F79EFBC}") = "InventoryTracker.WebAPI", "InventoryTracker.WebAPI\InventoryTracker.WebAPI.csproj", "{7290D25B-D416-4A51-8DFE-6A2863B62A77}"
EndProject
Global
	GlobalSection(SolutionConfigurationPlatforms) = preSolution
		Debug|Any CPU = Debug|Any CPU
		Release|Any CPU = Release|Any CPU
	EndGlobalSection
	GlobalSection(ProjectConfigurationPlatforms) = postSolution
		{7290D25B-D416-4A51-8DFE-6A2863B62A77}.Debug|Any CPU.ActiveCfg = Debug|Any CPU
		{7290D25B-D416-4A51-8DFE-6A2863B62A77}.Debug|Any CPU.Build.0 = Debug|Any CPU
		{7290D25B-D416-4A51-8DFE-6A2863B62A77}.Release|Any CPU.ActiveCfg = Release|Any CPU
		{7290D25B-D416-4A51-8DFE-6A2863B62A77}.Release|Any CPU.Build.0 = Release|Any CPU
	EndGlobalSection
	GlobalSection(SolutionProperties) = preSolution
		HideSolutionNode = FALSE
	EndGlobalSection
	GlobalSection(ExtensibilityGlobals) = postSolution
		SolutionGuid = {8A2EEFD7-BF96-466C-85DB-6C325546F7D5}
	EndGlobalSection
EndGlobal
